
Microsoft Visual Studio Solution File, Format Version 12.00
# Visual Studio Version 16
VisualStudioVersion = 16.0.30717.126
MinimumVisualStudioVersion = 10.0.40219.1
Project("{FAE04EC0-301F-11D3-BF4B-00C04F79EFBC}") = "iCafe", "iCafe.csproj", "{6148691C-FF98-4C33-BF50-DC468FFEF72A}"
EndProject
Global
	GlobalSection(SolutionConfigurationPlatforms) = preSolution
		Debug|Any CPU = Debug|Any CPU
		Release|Any CPU = Release|Any CPU
	EndGlobalSection
	GlobalSection(ProjectConfigurationPlatforms) = postSolution
		{6148691C-FF98-4C33-BF50-DC468FFEF72A}.Debug|Any CPU.ActiveCfg = Debug|Any CPU
		{6148691C-FF98-4C33-BF50-DC468FFEF72A}.Debug|Any CPU.Build.0 = Debug|Any CPU
		{6148691C-FF98-4C33-BF50-DC468FFEF72A}.Release|Any CPU.ActiveCfg = Release|Any CPU
		{6148691C-FF98-4C33-BF50-DC468FFEF72A}.Release|Any CPU.Build.0 = Release|Any CPU
	EndGlobalSection
	GlobalSection(SolutionProperties) = preSolution
		HideSolutionNode = FALSE
	EndGlobalSection
	GlobalSection(ExtensibilityGlobals) = postSolution
		SolutionGuid = {5667F1E7-2E4B-4530-8C7F-2C18E59356A8}
	EndGlobalSection
EndGlobal
